Microsoft Visual Studio Solution File, Format Version 11.00
# Visual Studio 2008

Project("{DAA43AE9-4435-F5E2-1CA1-79257CE33FF5}") = "UnitarianProvingGround", "Assembly-CSharp-firstpass-vs.csproj", "{E910865B-1C45-60FC-60A6-29132D90D020}"
EndProject
Project("{DAA43AE9-4435-F5E2-1CA1-79257CE33FF5}") = "UnitarianProvingGround", "Assembly-CSharp-vs.csproj", "{CD405FB2-DFC5-298A-EFDA-9938A80153CE}"
EndProject
Project("{DAA43AE9-4435-F5E2-1CA1-79257CE33FF5}") = "UnitarianProvingGround", "Assembly-CSharp-Editor-vs.csproj", "{FFCF3292-6304-8356-B272-F830763F0D0E}"
EndProject
Global
	GlobalSection(SolutionConfigurationPlatforms) = preSolution
		Debug|Any CPU = Debug|Any CPU
		Release|Any CPU = Release|Any CPU
	EndGlobalSection
	GlobalSection(ProjectConfigurationPlatforms) = postSolution
		{E910865B-1C45-60FC-60A6-29132D90D020}.Debug|Any CPU.ActiveCfg = Debug|Any CPU
		{E910865B-1C45-60FC-60A6-29132D90D020}.Debug|Any CPU.Build.0 = Debug|Any CPU
		{E910865B-1C45-60FC-60A6-29132D90D020}.Release|Any CPU.ActiveCfg = Release|Any CPU
		{E910865B-1C45-60FC-60A6-29132D90D020}.Release|Any CPU.Build.0 = Release|Any CPU
		{CD405FB2-DFC5-298A-EFDA-9938A80153CE}.Debug|Any CPU.ActiveCfg = Debug|Any CPU
		{CD405FB2-DFC5-298A-EFDA-9938A80153CE}.Debug|Any CPU.Build.0 = Debug|Any CPU
		{CD405FB2-DFC5-298A-EFDA-9938A80153CE}.Release|Any CPU.ActiveCfg = Release|Any CPU
		{CD405FB2-DFC5-298A-EFDA-9938A80153CE}.Release|Any CPU.Build.0 = Release|Any CPU
		{FFCF3292-6304-8356-B272-F830763F0D0E}.Debug|Any CPU.ActiveCfg = Debug|Any CPU
		{FFCF3292-6304-8356-B272-F830763F0D0E}.Debug|Any CPU.Build.0 = Debug|Any CPU
		{FFCF3292-6304-8356-B272-F830763F0D0E}.Release|Any CPU.ActiveCfg = Release|Any CPU
		{FFCF3292-6304-8356-B272-F830763F0D0E}.Release|Any CPU.Build.0 = Release|Any CPU
	EndGlobalSection
	GlobalSection(SolutionProperties) = preSolution
		HideSolutionNode = FALSE
	EndGlobalSection
								GlobalSection(MonoDevelopProperties) = preSolution
		StartupItem = Assembly-CSharp.csproj
		Policies = $0
		$0.TextStylePolicy = $1
		$1.inheritsSet = null
		$1.scope = text/x-csharp
		$0.CSharpFormattingPolicy = $2
		$2.inheritsSet = Mono
		$2.inheritsScope = text/x-csharp
		$2.scope = text/x-csharp
		$0.TextStylePolicy = $3
		$3.FileWidth = 120
		$3.TabWidth = 4
		$3.IndentWidth = 4
		$3.EolMarker = Unix
		$3.inheritsSet = Mono
		$3.inheritsScope = text/plain
		$3.scope = text/plain
	EndGlobalSection

EndGlobal
